{
    "_meta": {
        "hash": {
            "sha256": "cb8ca6d3c3b7984a4c9e4213648559c64f0f7816a82f0b6d45646fbdc6fff283"
        },
        "pipfile-spec": 6,
        "requires": {},
        "sources": [
            {
                "name": "pypi",
                "url": "https://pypi.org/simple",
                "verify_ssl": true
            }
        ]
    },
    "default": {
        "exceptiongroup": {
            "hashes": [
                "sha256:3111b9d131c238bec2f8f516e123e14ba243563fb135d3fe885990585aa7795b",
                "sha256:47c2edf7c6738fafb49fd34290706d1a1a2f4d1c6df275526b62cbb4aa5393cc"
            ],
            "index": "pypi",
            "markers": "python_version >= '3.7'",
            "version": "==1.2.2"
        },
        "importlib-metadata": {
            "markers": "python_version < '3.10'",
            "version": "==3.8"
        },
        "ofxstatement": {
            "editable": true,
            "path": "."
        },
        "platformdirs": {
            "hashes": [
                "sha256:357fb2acbc885b0419afd3ce3ed34564c13c9b95c89360cd9563f73aa5e2b907",
                "sha256:73e575e1408ab8103900836b97580d5307456908a03e92031bab39e4554cc3fb"
            ],
            "index": "pypi",
            "markers": "python_version >= '3.8'",
            "version": "==4.3.6"
        },
        "zipp": {
            "hashes": [
                "sha256:2c9958f6430a2040341a52eb608ed6dd93ef4392e02ffe219417c1b28b5dd1f4",
                "sha256:ac1bbe05fd2991f160ebce24ffbac5f6d11d83dc90891255885223d42b3cd931"
            ],
            "index": "pypi",
            "markers": "python_version >= '3.9'",
            "version": "==3.21.0"
        }
    },
    "develop": {
        "ast-serialize": {
            "hashes": [
                "sha256:061ee58bdb52341c8201a6df41182a977736bae3b7ded87ca7176ca25a8a47ab",
                "sha256:0668aa9459cfa8c9c49ddd2163ebcf43088ba045ef7492af6fe22e0098303101",
                "sha256:104e4a35bd7c124173c41760ef9aaea17ddb3f86c65cb643671d59afbe3ee94c",
                "sha256:143a4ef63285a075871908fda3672dc21864b83a8ec3ee12304aa3e4c5387b9a",
                "sha256:16db7c62ec0b8efe1d7afd283a388d8f74f2605d56032e5a37747d2de8dba027",
                "sha256:1943db345233cc7194a470f13afa9c59772c0b123dea0c9414c4d4ca54369759",
                "sha256:239a4c354e8d676e9d94631d1d4a64edc6b266f86ff3a5a80aedd344f342c01d",
                "sha256:2782c36237c46dd1674542f2109740ea5ea485a169bf1431939ada0434e17934",
                "sha256:27d51654fc240a1e87e742d353d98eb45b75f62f129086b3596ab53df2ac2a43",
                "sha256:36be371028fc1675acb38a331bde160dbab7ff907fdf00b67eb6911aa106951b",
                "sha256:5499e8797edff2a9186aa313ed382c6b422e798e9332d9953badcee6e69a88f2",
                "sha256:5880091bfe6f4f986f22866375c2e884843e7a0b6343ae41aeea659613d879b6",
                "sha256:6848f2a093fb5548751a9a09bff8fcd229e2bbeb0e3331f391b6ae6d26cd9903",
                "sha256:787baedb0262cc49e8ce37cc15c00ae818e46a165a3b36f5e21ed174998104cb",
                "sha256:7d1a2de9de5be04652f0ed60738356ef94f66db37924a9499fffe98dc491aa0b",
                "sha256:832d4c998e0b091fd60a6d6bceee535483c4d490de9ba85003af835225719261",
                "sha256:842d1c004bb466c7df036f95fabef789570541922b10976b12f5592a69cf0b38",
                "sha256:8f5c14f169eb0972c0c21bada5358b23d6047c76583b005234f865b11f1fa00a",
                "sha256:92a31c9c20d25a076edaeec76b128a3535d74a24f340b9a8a7e96c9b86dc9642",
                "sha256:9cc22cf0c9be65e71cf88fda130af60d61eb4a79370ad4cfe7900d48a4aa2211",
                "sha256:b0c06d760909b095cc466356dfccd05a1c7233a6ca191c020dca2c6a6f16c24c",
                "sha256:b15219e9cdc9f53f6f4cb51c009203507228226148c05c5e8fe451c28b435eb3",
                "sha256:b54f60c1d78767a53b67eaa663f0dfac3afe606aa07f1301572f588b73d64809",
                "sha256:b725026bafa801dbd7310eb13a75f0a2e370e7e51b2cb225f9d21fcfadf919ee",
                "sha256:baf5eb061eb5bccade4128ad42da33787d72f6013809cd1b590376ece8b3c937",
                "sha256:be5173fb66f9b49026d9d5a2ff0fc7c7009077107c0eb285b2d60fdf1fe10bd1",
                "sha256:bf683d6363edf2b39eed6b6d4fe22d34b6203867a67e27134d9e2a2680c4bc4a",
                "sha256:cae65289fc456fde04af979a2be09302ef5d8ab92ef23e596d6746dc267ada27",
                "sha256:cf25572c526add400f26a4750dc6ce0c3bb93fc1f75e7ae0cad4ce4f2cd5c590",
                "sha256:df1c00022cbbcb064bfaa505aa9c9295362443ce5dacb459d1331d3da353f887",
                "sha256:e42d729ef2be96a14efbad355093284739e3670ece3e534f82cc8832790911d9",
                "sha256:f66173891548c9f2726bf27957b41cabce12fa679dc6da505ddbde4d4b3b31cf",
                "sha256:f8015cd071ac1339924ee2b8098c93e00e155f30a16f40ec9816fcf84f4753f6"
            ],
            "markers": "python_version >= '3.7'",
            "version": "==0.5.0"
        },
        "black": {
            "hashes": [
                "sha256:0e48b87e03bf109288e55cfceadcfa15ff5470aca2851a851950ed2926f450d7",
                "sha256:1037d5ac7b7b310b2632ad867ec8d0e4c4819dcdb0b820f63135da746a24e418",
                "sha256:1ef92b76f7733f282fd096ea406200b5a286c42947412b0eaff3a74e3616cefe",
                "sha256:1f7ea64ebfa01b50f693508fc39f875e264446d3b097088f84f203b9d09618a0",
                "sha256:22f2cd76d069cc54c71f10360744ba8983fbb616903b4304a85b734915c8e1b4",
                "sha256:2b36cf2ddf5566e205f6535f782a62194a184d33e175b64ae8c40b1737522be3",
                "sha256:30d3c14661f2792e9142cce3eeeb1cbc175b3eb5f733be0c8eeb99651e52b0c3",
                "sha256:32d5ea7f6c8bdfa6e648326ebca1f02b0764e2a029edc6f8dce2627e19d468c3",
                "sha256:3915f256e75a2d7cf88d8953d37f780455dc586cc72dee059c528fe77f581217",
                "sha256:4ad6fa01f941920f54f2bbb35f3df7673428a0ef98a0b0840c2eaef3b110efa8",
                "sha256:4ed7f7da04046d2e488437170797d3b4a4ad83906683bcb7dfc68b673bbce5e2",
                "sha256:5119fa92ae61f786e8c3662fd60aece1d0a2dd5cca5d0c79417a95e7a4272a59",
                "sha256:577f21094ea469ef92ec1adaf2c9441a226d2144d01a5be2fa823cecf6543e50",
                "sha256:58b4bd92cf88aacf83d88479c8f9caee044b1ec55f2451a337354a7ea2590a22",
                "sha256:5c34b25da232ead53a6f335b76dbea124f4d152ad568b9080d6f944bc2b34b52",
                "sha256:87ed5c6f450580a2f6790bc7cbfb016dfc73bc750249762268a3695361315eef",
                "sha256:89c93167a74d3a75dfaa38a5c7cca015537d5820dd7f17d63267d674a61cae90",
                "sha256:96ae2c733b2aabdd9986e2c5df628ff3473676cd1c5faded1ff496cf6d74083c",
                "sha256:9942db8888e06943c5dde66ca0037dcff82a2a4ec1ad0ada9e0d2ee9d9823893",
                "sha256:9d98d4137277c75dfb898ec8d846c4fd68ba1e9cf77f95e2865c203dc18f4c3d",
                "sha256:a1dca32d9f1784af512a13410ec204c6f7f0aa9797a111c42e1c03449821c264",
                "sha256:dd321f668053961824bcc1be1cc1df748b2d7e4fa28086b08331e577b0100a73",
                "sha256:e1a26503279b6b310669fb0b219c39e4820b77e8189fe80f522bb511f247db0a",
                "sha256:e88976690a64b0af98312ca958415849cb42423423c5f2ee74af4b49a97a2168",
                "sha256:ea8d16dc41655aa113cd64665e7219446cd7e4ff2248d7178eaa905190c86b18",
                "sha256:ecb3e624844c798144e9bd986954e0adc81d8911a1f30f375e1252fe26e8c294",
                "sha256:ed1a20af114c301a0269bf01163d51dbef72737fd65f850001e7cbe7f3c7abae"
            ],
            "index": "pypi",
            "markers": "python_version >= '3.10'",
            "version": "==26.5.1"
        },
        "click": {
            "hashes": [
                "sha256:9a6cea6e60b17ebe0a44c5cc636d94f09bd66142c1cd7d8b4cd731c4917a15f6",
                "sha256:e6f9f66136c816745b9d65817da91d61d957fb16e02e4dcd0552553c5a197b76"
            ],
            "markers": "python_version >= '3.10'",
            "version": "==8.4.2"
        },
        "coverage": {
            "extras": [
                "toml"
            ],
            "hashes": [
                "sha256:0a07757de9feb1dfafd16ab651e0f628fd7ce551604d1bf23e47e1ddca93f08a",
                "sha256:0a17eaf46f56ae0f870f14a3cbc2e4632fe3771eab7f687eda1ee59b73d09fe4",
                "sha256:0b4a4cb73b9f2b891c1788711408ef9707666501ba23684387277ededab1097c",
                "sha256:0c0378ba787681ab1897f7c89b415bd56b0b2d9a47e5a3d8dc0ea55aac118d6c",
                "sha256:115db3d1f4d3f35f5bb021e270edd85011934ff97c8797216b62f461dd69374b",
                "sha256:123d589f32c11d9be7fe2e66d823a236fe759b0096f5db3fb1b75b2fa414a4fa",
                "sha256:14fa8d3da147f5fdf9d298cacc18791818f3f1a9f542c8958b80c228320e90c6",
                "sha256:19e7be4cfec248df38ce40968c95d3952fbffd57b400d4b9bb580f28179556d2",
                "sha256:1df6b76e737c6a92210eebcb2390af59a141f9e9430210595251fbaf02d46926",
                "sha256:1e2f097eae0e5991e7623958a24ced3282676c93c013dde41399ff63e230fcf2",
                "sha256:256ea87cb2a1ed992bcdfc349d8042dcea1b80436f4ddf6e246d6bee4b5d73b6",
                "sha256:28dc1f67e83a14e7079b6cea4d314bc8b24d1aed42d3582ff89c0295f09b181e",
                "sha256:2c8937fa16c8c9fbbd9f118588756e7bcdc7e16a470766a9aef912dd3f117dbd",
                "sha256:2d0d4f6ecdf37fcc19c88fec3e2277d5dee740fb51ffdd69b9579b8c31e4232e",
                "sha256:2f3da12e0ccbcb348969221d29441ac714bbddc4d74e13923d3d5a7a0bebef7a",
                "sha256:31991156251ec202c798501e0a42bbdf2169dcb0f137b1f5c0f4267f3fc68ef9",
                "sha256:326802760da234baf9f2f85a39e4a4b5861b94f6c8d95251f699e4f73b1835dc",
                "sha256:333b2e0ca576a7dbd66e85ab402e35c03b0b22f525eed82681c4b866e2e2653a",
                "sha256:42da2280c4d30c57a9b578bafd1d4494fa6c056d4c419d9689e66d775539be74",
                "sha256:48f82f889c80af8b2a7bb6e158d95a3fbec6a3453a1004d04e4f3b5945a02694",
                "sha256:49b752a2858b10580969ec6af6f090a9a440a64a301ac1528d7ca5f7ed497f4d",
                "sha256:4b1c2d8363247b46bd51f393f86c94096e64a1cf6906803fa8d5a9d03784bdbf",
                "sha256:4e01d138540ef34fcf35c1aa24d06c3de2a4cffa349e29a10056544f35cca15f",
                "sha256:4e2c058aef613e79df00e86b6d42a641c877211384ce5bd07585ed7ba71ab31b",
                "sha256:549cab4892fc82004f9739963163fd3aac7a7b0df430669b75b86d293d2df2a7",
                "sha256:55a28954545f9d2f96870b40f6c3386a59ba8ed50caf2d949676dac3ecab99f5",
                "sha256:619317bb86de4193debc712b9e59d5cffd91dc1d178627ab2a77b9870deb2868",
                "sha256:6406cff19880aaaadc932152242523e892faff224da29e241ce2fca329866584",
                "sha256:66283a192a14a3854b2e7f3418d7db05cdf411012ab7ff5db98ff3b181e1f912",
                "sha256:669135a9d25df55d1ed56a11bf555f37c922cf08d80799d4f65d77d7d6123fcf",
                "sha256:71ae8b53855644a0b1579d4041304ddc9995c7b21c8a1f16753c4d8903b4dfed",
                "sha256:82c3939264a76d44fde7f213924021ed31f55ef28111a19649fec90c0f109e6d",
                "sha256:82d76ad87c932935417a19b10cfe7abb15fd3f923cfe47dbdaa74ef4e503752d",
                "sha256:88d7598b8ee130f32f8a43198ee02edd16d7f77692fa056cb779616bbea1b355",
                "sha256:8a1166db2fb62473285bcb092f586e081e92656c7dfa8e9f62b4d39d7e6b5050",
                "sha256:9303aed20872d7a3c9cb39c5d2b9bdbe44e3a9a1aecb52920f7e7495410dfab8",
                "sha256:985abe7f242e0d7bba228ab01070fde1d6c8fa12f142e43debe9ed1dde686038",
                "sha256:997024fa51e3290264ffd7492ec97d0690293ccd2b45a6cd7d82d945a4a80c8b",
                "sha256:9ce85551f9a1119f02adc46d3014b5ee3f765deac166acf20dbb851ceb79b6f3",
                "sha256:9d3a700304d01a627df9db4322dc082a0ce1e8fc74ac238e2af39ced4c083193",
                "sha256:9dfb070f830739ee49d7c83e4941cc767e503e4394fdecb3b54bfdac1d7662c0",
                "sha256:a535c0c7364acd55229749c2b3e5eebf141865de3a8f697076a3291985f02d30",
                "sha256:a7a56a2964a9687b6aba5b5ced6971af308ef6f79a91043c05dd4ee3ebc3e9ba",
                "sha256:ae5d563e970dbe04382f736ec214ef48103d1b875967c89d83c6e3f21706d5b3",
                "sha256:ae9eb07f1cfacd9cfe8eaee6f4ff4b8a289a668c39c165cd0c8548484920ffc0",
                "sha256:bc18ea9e417a04d1920a9a76fe9ebd2f43ca505b81994598482f938d5c315f46",
                "sha256:bcd5ebe66c7a97273d5d2ddd4ad0ed2e706b39630ed4b53e713d360626c3dbb3",
                "sha256:bdd612e59baed2a93c8843c9a7cb902260f181370f1d772f4842987535071d14",
                "sha256:bf7d773da6af9e10dbddacbf4e5cab13d06d0ed93561d44dae0188a42c65be7e",
                "sha256:c10c882b114faf82dbd33e876d0cbd5e1d1ebc0d2a74ceef642c6152f3f4d547",
                "sha256:c2667a2b913e307f06aa4e5677f01a9746cd08e4b35e14ebcde6420a9ebb4c62",
                "sha256:c33624f50cf8de418ab2b4d6ca9eda96dc45b2c4231336bac91454520e8d1fac",
                "sha256:c48c2375287108c887ee87d13b4070a381c6537d30e8487b24ec721bf2a781cb",
                "sha256:cdef6504637731a63c133bb2e6f0f0214e2748495ec15fe42d1e219d1b133f0b",
                "sha256:d0d67963f9cbfc7c7f96d4ac74ed60ecbebd2ea6eeb51887af0f8dce205e545f",
                "sha256:dd7a57b33b5cf27acb491e890720af45db05589a80c1ffc798462a765be6d4d7",
                "sha256:ddc39510ac922a5c4c27849b739f875d3e1d9e590d1e7b64c98dadf037a16cce",
                "sha256:de3c0378bdf7066c3988d66cd5232d161e933b87103b014ab1b0b4676098fa45",
                "sha256:df0f9ef28e0f20c767ccdccfc5ae5f83a6f4a2fbdfbcbcc8487a8a78771168c8",
                "sha256:e425cd5b00f6fc0ed7cdbd766c70be8baab4b7839e4d4fe5fac48581dd968ea4",
                "sha256:f22627c1fe2745ee98d3ab87679ca73a97e75ca75eb5faee48660d060875465f",
                "sha256:f44ae036b63c8ea432f610534a2668b0c3aee810e7037ab9d8ff6883de480f5b",
                "sha256:f5fd54310b92741ebe00d9c0d1d7b2b27463952c022da6d47c175d246a98d1bd",
                "sha256:f65bb452e579d5540c8b37ec105dd54d8b9307b07bcaa186818c104ffda22441",
                "sha256:f8f6389ac977c5fb322e0e38885fbbf901743f79d47f50db706e7644dcdcb6e1",
                "sha256:fae939811e14e53ed8a9818dad51d434a41ee09df9305663735f2e2d2d7d959b",
                "sha256:ff0d9eae8cdfcd58fe7893b88993723583a6ce4dfbfd9f29e001922544f95615"
            ],
            "markers": "python_version >= '3.9'",
            "version": "==7.9.2"
        },
        "exceptiongroup": {
            "hashes": [
                "sha256:4d111e6e0c13d0644cad6ddaa7ed0261a0b36971f6d23e7ec9b4b9097da78a10",
                "sha256:b241f5885f560bc56a59ee63ca4c6a8bfa46ae4ad651af316d4e81817bb9fd88"
            ],
            "markers": "python_version < '3.11' and python_version < '3.11'",
            "version": "==1.3.0"
        },
        "iniconfig": {
            "hashes": [
                "sha256:3abbd2e30b36733fee78f9c7f7308f2d0050e88f0087fd25c2645f63c773e1c7",
                "sha256:9deba5723312380e77435581c6bf4935c94cbfab9b1ed33ef8d238ea168eb760"
            ],
            "markers": "python_version >= '3.8'",
            "version": "==2.1.0"
        },
        "librt": {
            "hashes": [
                "sha256:05fb8fb2ab90e21c8d12ea240d744ad514da9baf381ebfa70d91d20d21713175",
                "sha256:070aa8c26c0a74774317a72df8851facc7f0f012a5b406557ac56992d92e1ec8",
                "sha256:075dc3ef4458a278e0195cbf6ac9d38808d9b906c5a6c7f7f79c3888276a3fb1",
                "sha256:0827efe7854718f04aaddf6496e96960a956e676fe1d0f04eb41511fd8ad06d5",
                "sha256:0add982e0e7b9fc14cf4b33789d5f13f66581889b88c2f58099f6ce8f92617bd",
                "sha256:0cad8a4d6a8ff03c9b76f9414caccd78e7cfbc8a2e12fa334d8e1d9932753783",
                "sha256:0d1029d7e1ae1a7e647ed6fb5df8c4ce2dffefb7a9f5fd1376a4554d96dac09f",
                "sha256:0dc56b1f8d06e60db362cc3fdae206681817f86ce4725d34511473487f12a34b",
                "sha256:0ef69ac715f3cd8e5cd252cb2aebfa72c015492aacc339d5d7bf8fef3c62c677",
                "sha256:11bd19822431cc21af9f27374e7ae2e58103c7d98bda823536a6c47f6bb2bb3d",
                "sha256:137e79445c896a0ea7b265f52d23954e05b64222ee1af69e2cb34219067cbb67",
                "sha256:140695816ddf3c86eb972981a26f35efd871c44b0c3aed44c8cd01749386617f",
                "sha256:22bdf239b219d3993761a148ffa134b19e52e9989c84f845d5d7b71d70a17412",
                "sha256:258d73a0aa66a055e65b2e4d1b8cdb23b9d132c5bb915d9547d804fcaed116cc",
                "sha256:28edb433edde181112a908c78907af28f964eabc15f4dd16c9d66c834302677c",
                "sha256:2b481d846ac894c4e8403c5fd0e87c5d11d6499e404b474602508a224ff531c8",
                "sha256:2f10cf143e4a9bb0f4f5af568a00df94a2d69ef41c2579584454bb0fe5cc642c",
                "sha256:32bcc918c0148eb7e3d57385125bac7e5f9e4359d05f07448b09f6f778c2f31c",
                "sha256:40071fc5fe0ce8daa6de616702314a01e1250711682b0523d6ab8d4525910cb3",
                "sha256:41dc19fe150b69716c8ece4f76773a9e8813fe3e35e032a58b4d46423fb8d7c0",
                "sha256:461bbceede621f1ffb8839755f8663e886087ee7af16294cab7fb4d782c62eeb",
                "sha256:46c60b61e308eb535fbd6fa622b1ee1bb2815691c1ad9c98bf7b84952ec3bc8d",
                "sha256:4a017a95e5837dc15a8c5661d60e05daa96b90908b1aa6b7acdf443cd25c8ebd",
                "sha256:4a9a237d13addb93715b6fee74023d5ee3469b53fce527626c0e088aa585805f",
                "sha256:4ce1f21fbe589bc1afd7872dece84fb0e1144f794a288e58a10d2c54a55c43be",
                "sha256:4e8bd98ea9c47ae90b319a087ab28dac493f1ffbc1ecd1f28fcdbf3b7e1108d1",
                "sha256:4ee278c769a713638cdacd4c0436d72156e75df3ebc0166ab2b9dc43acc386c9",
                "sha256:557183ddc36babe46b27dd60facbd5adb4492181a5be887587d57cda6e092f21",
                "sha256:5ba067f4aadae8fda802d91d2124c90c42195ff32d9161d3549e6d05cfe26f96",
                "sha256:5d63c855d86938d9de93e265c9bd8c705b51ec494de5738340ee93767a686e4b",
                "sha256:5ddd17bd87b2c56ddd60e546a7984a2e64c4e8eab92fb4cf3830a48ad5469d51",
                "sha256:621db29691044bdeda22e789e482e1b0f3a985d90e3426c9c6d17606416205ea",
                "sha256:624a40c4a4ad7773315c287276cd024509b2c66ff5904f504bfc08d2c70293ab",
                "sha256:65ac3bc20f78aa0ee5ae84baa68917f89fef4af63e941084dd019a0d0e749f0c",
                "sha256:6bd72d903911d995ab666dbd1871f8b1e80925a699af8063fbf50053329fb05f",
                "sha256:6bf14feb84b05ae945277395451998c89c54d0def4070eb5c08de544930b245a",
                "sha256:6e94ebfcfa2d5e9926d6c3b9aa4617ffc42a845b4321fb84021b872358c82a0f",
                "sha256:75672f0bc524ede266287d532d7923dbce94c7514ad07627bac3d0c6d92cc4d9",
                "sha256:7753e57d6e12d019c0d8786f1c09c709f4c3fcc57c3887b24e36e6c06ec938b7",
                "sha256:78dc31f7fdfe9c9d0eb0e8f42d139db230e826415bbcabd9f0e9faaaee909894",
                "sha256:78fddc31cd4d3caa897ad5d31f856b1faadc9474021ad6cb182b9018793e254e",
                "sha256:7a80a71e1fda83cc752a9141e87aae7fef279538597564d670e9ce513f286192",
                "sha256:7aef3cf1d5af86e770ab04bfd993dfc4ae8b8c17f66fb77dd4a7d50de7bbb1a3",
                "sha256:7c39513d8b7477a2e1ed8c43fc21c524e8d5a0f8d4e8b7b074dbdbe7820a08e2",
                "sha256:7da327dacd7be8f8ec36547373550744a3cc0e536d54665cd83f8bcd961200e8",
                "sha256:7e82e642ab0f7608ce2fe53d76ca2280a9ee33a1b06556142c7c6fe80a86fc33",
                "sha256:83d3e1f72bd42f6c5c0b7daec530c3f829bd02db42c70b8ddf0c2d90a2459930",
                "sha256:84308fc49423ce6475d1c5d1985cd69a8ca9f0325fc7d5f81bb690a3f3625d4e",
                "sha256:88145c15c67731d54283d135b03244028c750cc9edc334a96a4f5950ebdb2884",
                "sha256:8ca8aa88751a775870b764e93bad5135385f563cb8dcee399abf034ea4d3cb47",
                "sha256:902e546ff044f579ff1c953ff5fce97b636fe9e3943996b2177710c6ef076f73",
                "sha256:92f7ff819c197fc30473190a12c2856f325ac90aabfccbeb2072d28cc2e234e3",
                "sha256:936c5995f3514a42111f20099397d8177c79b4d7e70961e396c6f5a0a3566766",
                "sha256:93d95bd45b7d58343d8b90d904450a545144eec19a002511163426f8ab1fae29",
                "sha256:94663a21534637f0e787ec2a2a756022df6e5b7b2335a5cdd7d8e33d68a2af89",
                "sha256:96f044bb325fd9cf1a723015638c219e9143f0dfbc0ca54c565df2b7fc748b44",
                "sha256:970b09f7044ea2b64c9da42fd3d335666518cfd1c6e8a182c95da73d0214b41e",
                "sha256:993f028be9e96a08d31df3479ac80d99be374d17f3b78e4796b3fd3c913d4e89",
                "sha256:9bc0ca6ad9381cbe8e4aa6e5726e4c80c78115a6e9723c599ed1d73e092bc49d",
                "sha256:9c028a9442a18e266955d364ce42259136e79a7ba14d773e0d778d5f70cd56f1",
                "sha256:9d36a51b3d93320b686588e27123f4995804dbf1bce81df78c02fc3c6eea9280",
                "sha256:9f1692105a02bcf853f355032a5fdc5494358ef83d8fd22d16de375c85cec3f5",
                "sha256:a9010e2ed5b3a9e158c5fd966b3ab7e834bb3d3aacc8f66c91dd4b57a3799230",
                "sha256:aa0dd688aab3f7914d3e6e5e3554978e0383312fb8e771d84be008a35b9ee548",
                "sha256:ab73e8db5e3f564d812c1f5c3a175930a5f9bc96ccb5e3b22a34d7858b401cf7",
                "sha256:ae627397a2f351560440d872d6f7c8dbb4072e57868e7b2fc5b8b430fe489d45",
                "sha256:aea3caa317752e3a466fa8af45d91ee0ea8c7fdd96e42b0a8dd9b76a7931eba1",
                "sha256:b1ecbd9819deccc39b7542bf4d2a740d8a620694d39989e58661d3763458f8d4",
                "sha256:b87504f1690a23b9a2cca841191a04f83895d4fc2dd04df91d82b1a04ca2ad46",
                "sha256:bc3ce6b33c5828d9e80592011a5c584cb2ce86edbc4088405f70da47dc1d1b3b",
                "sha256:bd43992b4473d42f12ff9e68326079f0696d9d4e6000e8f39a0238d482ba6ee2",
                "sha256:c1f708d8ae9c56cf38a903c44297243d2ec83fd82b396b977e0144a3e76217e3",
                "sha256:cae74872be221df4374d10fec61f93ed1513b9546ea84f2c0bf73ab3e9bd0b03",
                "sha256:cca6644054e78746d8d4ef238681f9c34ff8b584fe6b988ecebb8db3b15e622a",
                "sha256:d00f3ac06a2a8b246327f11e186a53a100a4d5c7ed52346367e5ec751d51586c",
                "sha256:d1b36540d7aaf9b9101b3a6f376c8d8e9f7a9aec93ed05918f2c69d493ffef72",
                "sha256:d2277a05f6dcb9fd13db9566aac4fabd68c3ea1ea46ee5567d4eef8efa495a2f",
                "sha256:d5b0eea49f5562861ee8d757a32ef7d559c1d35be2aaaa1ec28941d74c9ffc8a",
                "sha256:dc329359321b67d24efdf4bc69012b0597001649544db662c001db5a0184794c",
                "sha256:de3bf945454d032f9e390b85c4072e0a0570bf825421c8be0e71209fa65e1abe",
                "sha256:dec7db73758c2b54953fd8b7fe348c45188fe26b39ee18446196edd08453a5d4",
                "sha256:dee008f20b542e3cd162ba338a7f9ec0f6d23d395f66fe8aeeec3c9d067ea253",
                "sha256:efbb343ab2ce3540f4ecbe6315d677ed70f37cd9a72b1e58066c918ca83acbaa",
                "sha256:f230cb1cbc9faaa616f9a678f530ebcf186e414b6bcbd88b960e4ba1b92428d5",
                "sha256:f37aa505b3cf60701562eddb32df74b12a9e380c207fd8b06dd157a943ac7ea0",
                "sha256:f5fb36b8c6c63fdcbb1d526d94c0d1331610d43f4118cc1beb4efef4f3faacb2",
                "sha256:f8e3e8056dd674e279741485e2e512d6e9a751c7455809d0114e6ebf8d781085",
                "sha256:f9743fc99135d5f78d2454435615f6dec0473ca507c26ce9d92b10b562a280d3",
                "sha256:fa475675db22290c3158e1d42326d0f5a65f04f44a0e68c3630a25b53560fb9c",
                "sha256:ff0fbaf5f44a21beeb0110f2ab64f45135a9536a834b79c0d1ef018f2786bbfa"
            ],
            "markers": "python_version >= '3.9'",
            "version": "==0.11.0"
        },
        "mypy": {
            "hashes": [
                "sha256:022c771234936ceac541ebaf836fe9e2abeb3f5e09aff21588fe543ff006fe21",
                "sha256:0b1a5260c95aa443083f9ed3592662941951bca3d4ca224a5dc517c38b7cf666",
                "sha256:11a6beb180257a805961aea9ec591bbd0bd17f1e18d35b8456d57aee5bedfedc",
                "sha256:1a293c534adb55271fef24a26da04b855540a8c13cc07bc5917b9fd2c394f2ca",
                "sha256:20509760fd791c51579d573153407d226385ec1f8bcce55d730b354f3336bc22",
                "sha256:244358bf1c0da7722230bce60683d52e8e9fd030554926f15b747a84efb5b3af",
                "sha256:35aac3bb114e03888f535d5eb51b8bafbb3266586b599da1940f9b1be3ec5bd5",
                "sha256:3712c20deed54e814eaaa825603bada8ea1c390670a397c95b98405347acc563",
                "sha256:47cebf61abde7c088a4e27718a8b13a81655686b2e9c251f5c0915a802248166",
                "sha256:498207db725cec88829a6a5c2fc771205fd043719ef98bc49aba8fb9fc4e6d57",
                "sha256:49890d4f76ac9e06ec117f9e09f3174da70a620a0c300953d8595c926e80947f",
                "sha256:4ec7c57657493c7a75534df2751c8ae2cda383c16ecc55d2106c54476b1b16f6",
                "sha256:4f910fe825376a7b66ef7ca8c98e5a149e8cd64c19ae71d84047a74ee060d4e6",
                "sha256:5431d42af987ebd92ba2f71d45c85ed41d8e6ca9f5fd209a69f68f707d2469e5",
                "sha256:5fdf2941a07434af755837d9880f7d7d25f1dacb1af9dcd4b9b66f2220a3024e",
                "sha256:6753d0c1fdd6b1a23b9e4f283ce80b2153b724adcb2653b20b85a8a28ac6436b",
                "sha256:7354c5a7f69d9345c3d6e69921d57088eea3ddeeb6b20d34c1b3855b02c36ec2",
                "sha256:7406f4d048e71e576f5356d317e5b0a9e666dfd966bd99f9d14ca06e1a341538",
                "sha256:761be68e023ef5d94678772396a8af1220030f80837a3afd8d0aef3b419666f4",
                "sha256:767fe8c66dc3e01e19e1737d4c38ebefead16125e1b8e58ad421903b376f5c65",
                "sha256:7d5e5cad0efeba72b93cd17490cc0d69c5ac9ca132994fe3fb0314808aeeb83e",
                "sha256:81e76ad12c2d804512e9b13240d1588316531bfba07558286078bfbce9613633",
                "sha256:82208da9e09414d520e912d3e462d454854bed0810b71540bb016dcbca7308fd",
                "sha256:8de55a8c861f2a49331f807be98d90caeceeef520bde13d43a160207f8af613e",
                "sha256:8ef78c1d306bbf9a8a12f526c44902c9c28dffd6c52c52bf6a72641ce18d3849",
                "sha256:98ebb6589bb3b6d0c6f0c459d53ca55b8091fbc13d277c4041c885392e8195e8",
                "sha256:a663814603a5c563fb87a4f96fb473eeb30d1f5a4885afcf44f9db000a366289",
                "sha256:a683016b16fe2f572dc04c72be7ee0504ac1605a265d0200f5cea695fb788f41",
                "sha256:aea7f7a8a55b459c34275fc468ada6ca7c173a5e43a68f5dbe588a563d8a06b8",
                "sha256:b33b6cd332695bba180d55e717a79d3038e479a2c49cc5eb3d53603409b9a5d7",
                "sha256:b84802e7b5a6daf1f5e15bc9fcd7ddae77be13981ffab037f1c67bb84d67d135",
                "sha256:bf03e12003084a67395184d3eb8cbd6a489dc3655b5664b28c210a9e2403ab0b",
                "sha256:c209a90853081ff01d01ee895cafe10f7db1474e0d95beaeef0f6c1db9119bbd",
                "sha256:c90345fc182dc363b891350457ec69c35140858538f38b4540845afcc32b1aef",
                "sha256:c989640253f0d76843e9c6c1bbf4bd48c5e85ada61bde4beb37cb3eca035685e",
                "sha256:d57a90ae5e872138a425ec328edbc9b235d1934c4377881a33ec05b341acc9a8",
                "sha256:d8161b6ff4392410023224f0969d17db93e1e154bc3e4ba62598e720723ae211",
                "sha256:e0210d626fc8b31ccc90233754c7bc90e1f43205e85d96387f7db1285b55c398",
                "sha256:e195b817c13f02352a9c124301f9f30f078405444679b6753c1b96b6eed37285",
                "sha256:e583edc957cfb0deb142079162ae826f58449b116c1d442f2d91c69d9fced081",
                "sha256:e79ebc1b904b84f0310dff7469655a9c36c7a68bddb37bdd42b67a332df61d08",
                "sha256:ecfe70d43775ab99562ab128ce49854a362044c9f894961f68f898c23cb7429d",
                "sha256:fcaa0e479066e31f7cceb6a3bea39cb22b2ff51a6b2f24f193d19179ba17c389",
                "sha256:ff715050c127d724fd260a2e666e7747fdd83511c0c47d449d98238970aef780"
            ],
            "index": "pypi",
            "markers": "python_version >= '3.10'",
            "version": "==2.1.0"
        },
        "mypy-extensions": {
            "hashes": [
                "sha256:1be4cccdb0f2482337c4743e60421de3a356cd97508abadd57d47403e94f5505",
                "sha256:52e68efc3284861e772bbcd66823fde5ae21fd2fdb51c62a211403730b916558"
            ],
            "markers": "python_version >= '3.8'",
            "version": "==1.1.0"
        },
        "packaging": {
            "hashes": [
                "sha256:5fc45236b9446107ff2415ce77c807cee2862cb6fac22b8a73826d0693b0980e",
                "sha256:ff452ff5a3e828ce110190feff1178bb1f2ea2281fa2075aadb987c2fb221661"
            ],
            "markers": "python_version >= '3.8'",
            "version": "==26.2"
        },
        "pathspec": {
            "hashes": [
                "sha256:17db5ecd524104a120e173814c90367a96a98d07c45b2e10c2f3919fff91bf5a",
                "sha256:a00ce642f577bf7f473932318056212bc4f8bfdf53128c78bbd5af0b9b20b189"
            ],
            "markers": "python_version >= '3.9'",
            "version": "==1.1.1"
        },
        "platformdirs": {
            "hashes": [
                "sha256:31e761a6a0ca04faf7353ea759bdba55652be214725111e5aac52dfa29d4bef7",
                "sha256:fb516cdb12eb0d857d0cd85a7c57cea4d060bee4578d6cf5a14dfdf8cbf8784a"
            ],
            "markers": "python_version >= '3.10'",
            "version": "==4.10.0"
        },
        "pluggy": {
            "hashes": [
                "sha256:7dcc130b76258d33b90f61b658791dede3486c3e6bfb003ee5c9bfb396dd22f3",
                "sha256:e920276dd6813095e9377c0bc5566d94c932c33b27a3e3945d8389c374dd4746"
            ],
            "markers": "python_version >= '3.9'",
            "version": "==1.6.0"
        },
        "pygments": {
            "hashes": [
                "sha256:6757cd03768053ff99f3039c1a36d6c0aa0b263438fcab17520b30a303a82b5f",
                "sha256:81a9e26dd42fd28a23a2d169d86d7ac03b46e2f8b59ed4698fb4785f946d0176"
            ],
            "index": "pypi",
            "markers": "python_version >= '3.9'",
            "version": "==2.20.0"
        },
        "pytest": {
            "hashes": [
                "sha256:86c0d0b93306b961d58d62a4db4879f27fe25513d4b969df351abdddb3c30e01",
                "sha256:872f880de3fc3a5bdc88a11b39c9710c3497a547cfa9320bc3c5e62fbf272e79"
            ],
            "index": "pypi",
            "markers": "python_version >= '3.9'",
            "version": "==8.4.2"
        },
        "pytest-cov": {
            "hashes": [
                "sha256:25cc6cc0a5358204b8108ecedc51a9b57b34cc6b8c967cc2c01a4e00d8a67da2",
                "sha256:f5bc4c23f42f1cdd23c70b1dab1bbaef4fc505ba950d53e0081d0730dd7e86d5"
            ],
            "index": "pypi",
            "markers": "python_version >= '3.9'",
            "version": "==6.2.1"
        },
        "pytokens": {
            "hashes": [
                "sha256:0fc71786e629cef478cbf29d7ea1923299181d0699dbe7c3c0f4a583811d9fc1",
                "sha256:11edda0942da80ff58c4408407616a310adecae1ddd22eef8c692fe266fa5009",
                "sha256:140709331e846b728475786df8aeb27d24f48cbcf7bcd449f8de75cae7a45083",
                "sha256:24afde1f53d95348b5a0eb19488661147285ca4dd7ed752bbc3e1c6242a304d1",
                "sha256:26cef14744a8385f35d0e095dc8b3a7583f6c953c2e3d269c7f82484bf5ad2de",
                "sha256:27b83ad28825978742beef057bfe406ad6ed524b2d28c252c5de7b4a6dd48fa2",
                "sha256:292052fe80923aae2260c073f822ceba21f3872ced9a68bb7953b348e561179a",
                "sha256:29d1d8fb1030af4d231789959f21821ab6325e463f0503a61d204343c9b355d1",
                "sha256:2a44ed93ea23415c54f3face3b65ef2b844d96aeb3455b8a69b3df6beab6acc5",
                "sha256:30f51edd9bb7f85c748979384165601d028b84f7bd13fe14d3e065304093916a",
                "sha256:34bcc734bd2f2d5fe3b34e7b3c0116bfb2397f2d9666139988e7a3eb5f7400e3",
                "sha256:3ad72b851e781478366288743198101e5eb34a414f1d5627cdd585ca3b25f1db",
                "sha256:3f901fe783e06e48e8cbdc82d631fca8f118333798193e026a50ce1b3757ea68",
                "sha256:42f144f3aafa5d92bad964d471a581651e28b24434d184871bd02e3a0d956037",
                "sha256:4a14d5f5fc78ce85e426aa159489e2d5961acf0e47575e08f35584009178e321",
                "sha256:4a58d057208cb9075c144950d789511220b07636dd2e4708d5645d24de666bdc",
                "sha256:4e691d7f5186bd2842c14813f79f8884bb03f5995f0575272009982c5ac6c0f7",
                "sha256:5502408cab1cb18e128570f8d598981c68a50d0cbd7c61312a90507cd3a1276f",
                "sha256:584c80c24b078eec1e227079d56dc22ff755e0ba8654d8383b2c549107528918",
                "sha256:5ad948d085ed6c16413eb5fec6b3e02fa00dc29a2534f088d3302c47eb59adf9",
                "sha256:670d286910b531c7b7e3c0b453fd8156f250adb140146d234a82219459b9640c",
                "sha256:682fa37ff4d8e95f7df6fe6fe6a431e8ed8e788023c6bcc0f0880a12eab80ad1",
                "sha256:6d6c4268598f762bc8e91f5dbf2ab2f61f7b95bdc07953b602db879b3c8c18e1",
                "sha256:79fc6b8699564e1f9b521582c35435f1bd32dd06822322ec44afdeba666d8cb3",
                "sha256:8bdb9d0ce90cbf99c525e75a2fa415144fd570a1ba987380190e8b786bc6ef9b",
                "sha256:8fcb9ba3709ff77e77f1c7022ff11d13553f3c30299a9fe246a166903e9091eb",
                "sha256:941d4343bf27b605e9213b26bfa1c4bf197c9c599a9627eb7305b0defcfe40c1",
                "sha256:967cf6e3fd4adf7de8fc73cd3043754ae79c36475c1c11d514fc72cf5490094a",
                "sha256:970b08dd6b86058b6dc07efe9e98414f5102974716232d10f32ff39701e841c4",
                "sha256:97f50fd18543be72da51dd505e2ed20d2228c74e0464e4262e4899797803d7fa",
                "sha256:9bd7d7f544d362576be74f9d5901a22f317efc20046efe2034dced238cbbfe78",
                "sha256:add8bf86b71a5d9fb5b89f023a80b791e04fba57960aa790cc6125f7f1d39dfe",
                "sha256:b35d7e5ad269804f6697727702da3c517bb8a5228afa450ab0fa787732055fc9",
                "sha256:b49750419d300e2b5a3813cf229d4e5a4c728dae470bcc89867a9ad6f25a722d",
                "sha256:d31b97b3de0f61571a124a00ffe9a81fb9939146c122c11060725bd5aea79975",
                "sha256:d70e77c55ae8380c91c0c18dea05951482e263982911fc7410b1ffd1dadd3440",
                "sha256:d9907d61f15bf7261d7e775bd5d7ee4d2930e04424bab1972591918497623a16",
                "sha256:da5baeaf7116dced9c6bb76dc31ba04a2dc3695f3d9f74741d7910122b456edc",
                "sha256:dc74c035f9bfca0255c1af77ddd2d6ae8419012805453e4b0e7513e17904545d",
                "sha256:dcafc12c30dbaf1e2af0490978352e0c4041a7cde31f4f81435c2a5e8b9cabb6",
                "sha256:ee44d0f85b803321710f9239f335aafe16553b39106384cef8e6de40cb4ef2f6",
                "sha256:f66a6bbe741bd431f6d741e617e0f39ec7257ca1f89089593479347cc4d13324"
            ],
            "markers": "python_version >= '3.8'",
            "version": "==0.4.1"
        },
        "tomli": {
            "hashes": [
                "sha256:01f520d4f53ef97964a240a035ec2a869fe1a37dde002b57ebc4417a27ccd853",
                "sha256:0d85819802132122da43cb86656f8d1f8c6587d54ae7dcaf30e90533028b49fe",
                "sha256:136443dbd7e1dee43c68ac2694fde36b2849865fa258d39bf822c10e8068eac5",
                "sha256:1d8591993e228b0c930c4bb0db464bdad97b3289fb981255d6c9a41aedc84b2d",
                "sha256:2190f2e9dd7508d2a90ded5ed369255980a1bcdd58e52f7fe24b8162bf9fedbd",
                "sha256:2c1c351919aca02858f740c6d33adea0c5deea37f9ecca1cc1ef9e884a619d26",
                "sha256:36d2bd2ad5fb9eaddba5226aa02c8ec3fa4f192631e347b3ed28186d43be6b54",
                "sha256:3d48a93ee1c9b79c04bb38772ee1b64dcf18ff43085896ea460ca8dec96f35f6",
                "sha256:47149d5bd38761ac8be13a84864bf0b7b70bc051806bc3669ab1cbc56216b23c",
                "sha256:4ab97e64ccda8756376892c53a72bd1f964e519c77236368527f758fbc36a53a",
                "sha256:4b605484e43cdc43f0954ddae319fb75f04cc10dd80d830540060ee7cd0243cd",
                "sha256:504aa796fe0569bb43171066009ead363de03675276d2d121ac1a4572397870f",
                "sha256:51529d40e3ca50046d7606fa99ce3956a617f9b36380da3b7f0dd3dd28e68cb5",
                "sha256:52c8ef851d9a240f11a88c003eacb03c31fc1c9c4ec64a99a0f922b93874fda9",
                "sha256:559db847dc486944896521f68d8190be1c9e719fced785720d2216fe7022b662",
                "sha256:5a881ab208c0baf688221f8cecc5401bd291d67e38a1ac884d6736cbcd8247e9",
                "sha256:5cb41aa38891e073ee49d55fbc7839cfdb2bc0e600add13874d048c94aadddd1",
                "sha256:5e262d41726bc187e69af7825504c933b6794dc3fbd5945e41a79bb14c31f585",
                "sha256:5ee18d9ebdb417e384b58fe414e8d6af9f4e7a0ae761519fb50f721de398dd4e",
                "sha256:7008df2e7655c495dd12d2a4ad038ff878d4ca4b81fccaf82b714e07eae4402c",
                "sha256:734e20b57ba95624ecf1841e72b53f6e186355e216e5412de414e3c51e5e3c41",
                "sha256:7c7e1a961a0b2f2472c1ac5b69affa0ae1132c39adcb67aba98568702b9cc23f",
                "sha256:7f86fd587c4ed9dd76f318225e7d9b29cfc5a9d43de44e5754db8d1128487085",
                "sha256:7f94b27a62cfad8496c8d2513e1a222dd446f095fca8987fceef261225538a15",
                "sha256:88dceee75c2c63af144e456745e10101eb67361050196b0b6af5d717254dddf7",
                "sha256:8a650c2dbafa08d42e51ba0b62740dae4ecb9338eefa093aa5c78ceb546fcd5c",
                "sha256:8d65a2fbf9d2f8352685bc1364177ee3923d6baf5e7f43ea4959d7d8bc326a36",
                "sha256:96481a5786729fd470164b47cdb3e0e58062a496f455ee41b4403be77cb5a076",
                "sha256:a120733b01c45e9a0c34aeef92bf0cf1d56cfe81ed9d47d562f9ed591a9828ac",
                "sha256:b1d22e6e9387bf4739fbe23bfa80e93f6b0373a7f1b96c6227c32bef95a4d7a8",
                "sha256:b8c198f8c1805dc42708689ed6864951fd2494f924149d3e4bce7710f8eb5232",
                "sha256:c2541745709bad0264b7d4705ad453b76ccd191e64aa6f0fc66b69a293a45ece",
                "sha256:c742f741d58a28940ce01d58f0ab2ea3ced8b12402f162f4d534dfe18ba1cd6a",
                "sha256:c7f2c7f2b9ca6bdeef8f0fa897f8e05085923eb091721675170254cbc5b02897",
                "sha256:d312ef37c91508b0ab2cee7da26ec0b3ed2f03ce12bd87a588d771ae15dcf82d",
                "sha256:d4d8fe59808a54658fcc0160ecfb1b30f9089906c50b23bcb4c69eddc19ec2b4",
                "sha256:da25dc3563bff5965356133435b757a795a17b17d01dbc0f42fb32447ddfd917",
                "sha256:eab21f45c7f66c13f2a9e0e1535309cee140182a9cdae1e041d02e47291e8396",
                "sha256:eb0dc4e38e6a1fd579e5d50369aa2e10acfc9cace504579b2faabb478e76941a",
                "sha256:ec9bfaf3ad2df51ace80688143a6a4ebc09a248f6ff781a9945e51937008fcbc",
                "sha256:ede3e6487c5ef5d28634ba3f31f989030ad6af71edfb0055cbbd14189ff240ba",
                "sha256:f3c6818a1a86dd6dca7ddcaaf76947d5ba31aecc28cb1b67009a5877c9a64f3f",
                "sha256:f758f1b9299d059cc3f6546ae2af89670cb1c4d48ea29c3cacc4fe7de3058257",
                "sha256:f8f0fc26ec2cc2b965b7a3b87cd19c5c6b8c5e5f436b984e85f486d652285c30",
                "sha256:fd0409a3653af6c147209d267a0e4243f0ae46b011aa978b1080359fddc9b6cf",
                "sha256:ff18e6a727ee0ab0388507b89d1bc6a22b138d1e2fa56d1ad494586d61d2eae9",
                "sha256:ff2983983d34813c1aeb0fa89091e76c3a22889ee83ab27c5eeb45100560c049"
            ],
            "markers": "python_version < '3.11' and python_version < '3.11'",
            "version": "==2.4.1"
        },
        "typing-extensions": {
            "hashes": [
                "sha256:0cea48d173cc12fa28ecabc3b837ea3cf6f38c6d1136f85cbaaf598984861466",
                "sha256:f0fa19c6845758ab08074a0cfa8b7aecb71c999ca73d62883bc25cc018c4e548"
            ],
            "markers": "python_version >= '3.9'",
            "version": "==4.15.0"
        }
    }
}
