{
    "_meta": {
        "hash": {
            "sha256": "d01ad0c4b47d2fff1cffed79da795c043f9e96086adac9594cc73053658fa6ed"
        },
        "pipfile-spec": 6,
        "requires": {},
        "sources": [
            {
                "name": "pypi",
                "url": "https://pypi.org/simple",
                "verify_ssl": true
            }
        ]
    },
    "default": {
        "appdirs": {
            "hashes": [
                "sha256:7d5d0167b2b1ba821647616af46a749d1c653740dd0d2415100fe26e27afdf41",
                "sha256:a841dacd6b99318a741b166adb07e19ee71a274450e68237b4650ca1055ab128"
            ],
            "version": "==1.4.4"
        },
        "exceptiongroup": {
            "hashes": [
                "sha256:4bfd3996ac73b41e9b9628b04e079f193850720ea5945fc96a08633c66912f14",
                "sha256:91f5c769735f051a4290d52edd0858999b57e5876e9f85937691bd4c9fa3ed68"
            ],
            "index": "pypi",
            "markers": "python_version >= '3.7'",
            "version": "==1.2.0"
        },
        "importlib-metadata": {
            "markers": "python_version < '3.10'",
            "version": "==3.8"
        },
        "ofxstatement": {
            "editable": true,
            "path": "."
        },
        "zipp": {
            "hashes": [
                "sha256:0e923e726174922dce09c53c59ad483ff7bbb8e572e00c7f7c46b88556409f31",
                "sha256:84e64a1c28cf7e91ed2078bb8cc8c259cb19b76942096c8d7b84947690cabaf0"
            ],
            "index": "pypi",
            "markers": "python_version >= '3.8'",
            "version": "==3.17.0"
        }
    },
    "develop": {
        "black": {
            "hashes": [
                "sha256:2818cf72dfd5d289e48f37ccfa08b460bf469e67fb7c4abb07edc2e9f16fb63f",
                "sha256:41622020d7120e01d377f74249e677039d20e6344ff5851de8a10f11f513bf93",
                "sha256:4acf672def7eb1725f41f38bf6bf425c8237248bb0804faa3965c036f7672d11",
                "sha256:4be5bb28e090456adfc1255e03967fb67ca846a03be7aadf6249096100ee32d0",
                "sha256:4f1373a7808a8f135b774039f61d59e4be7eb56b2513d3d2f02a8b9365b8a8a9",
                "sha256:56f52cfbd3dabe2798d76dbdd299faa046a901041faf2cf33288bc4e6dae57b5",
                "sha256:65b76c275e4c1c5ce6e9870911384bff5ca31ab63d19c76811cb1fb162678213",
                "sha256:65c02e4ea2ae09d16314d30912a58ada9a5c4fdfedf9512d23326128ac08ac3d",
                "sha256:6905238a754ceb7788a73f02b45637d820b2f5478b20fec82ea865e4f5d4d9f7",
                "sha256:79dcf34b33e38ed1b17434693763301d7ccbd1c5860674a8f871bd15139e7837",
                "sha256:7bb041dca0d784697af4646d3b62ba4a6b028276ae878e53f6b4f74ddd6db99f",
                "sha256:7d5e026f8da0322b5662fa7a8e752b3fa2dac1c1cbc213c3d7ff9bdd0ab12395",
                "sha256:9f50ea1132e2189d8dff0115ab75b65590a3e97de1e143795adb4ce317934995",
                "sha256:a0c9c4a0771afc6919578cec71ce82a3e31e054904e7197deacbc9382671c41f",
                "sha256:aadf7a02d947936ee418777e0247ea114f78aff0d0959461057cae8a04f20597",
                "sha256:b5991d523eee14756f3c8d5df5231550ae8993e2286b8014e2fdea7156ed0959",
                "sha256:bf21b7b230718a5f08bd32d5e4f1db7fc8788345c8aea1d155fc17852b3410f5",
                "sha256:c45f8dff244b3c431b36e3224b6be4a127c6aca780853574c00faf99258041eb",
                "sha256:c7ed6668cbbfcd231fa0dc1b137d3e40c04c7f786e626b405c62bcd5db5857e4",
                "sha256:d7de8d330763c66663661a1ffd432274a2f92f07feeddd89ffd085b5744f85e7",
                "sha256:e19cb1c6365fd6dc38a6eae2dcb691d7d83935c10215aef8e6c38edee3f77abd",
                "sha256:e2af80566f43c85f5797365077fb64a393861a3730bd110971ab7a0c94e873e7"
            ],
            "index": "pypi",
            "markers": "python_version >= '3.8'",
            "version": "==24.3.0"
        },
        "click": {
            "hashes": [
                "sha256:ae74fb96c20a0277a1d615f1e4d73c8414f5a98db8b799a7931d1582f3390c28",
                "sha256:ca9853ad459e787e2192211578cc907e7594e294c7ccc834310722b41b9ca6de"
            ],
            "markers": "python_version >= '3.7'",
            "version": "==8.1.7"
        },
        "coverage": {
            "extras": [
                "toml"
            ],
            "hashes": [
                "sha256:006d220ba2e1a45f1de083d5022d4955abb0aedd78904cd5a779b955b019ec73",
                "sha256:06fe398145a2e91edaf1ab4eee66149c6776c6b25b136f4a86fcbbb09512fd10",
                "sha256:175f56572f25e1e1201d2b3e07b71ca4d201bf0b9cb8fad3f1dfae6a4188de86",
                "sha256:18cac867950943fe93d6cd56a67eb7dcd2d4a781a40f4c1e25d6f1ed98721a55",
                "sha256:1a5ee18e3a8d766075ce9314ed1cb695414bae67df6a4b0805f5137d93d6f1cb",
                "sha256:20a875bfd8c282985c4720c32aa05056f77a68e6d8bbc5fe8632c5860ee0b49b",
                "sha256:2412e98e70f16243be41d20836abd5f3f32edef07cbf8f407f1b6e1ceae783ac",
                "sha256:2599972b21911111114100d362aea9e70a88b258400672626efa2b9e2179609c",
                "sha256:2ed37e16cf35c8d6e0b430254574b8edd242a367a1b1531bd1adc99c6a5e00fe",
                "sha256:32b4ab7e6c924f945cbae5392832e93e4ceb81483fd6dc4aa8fb1a97b9d3e0e1",
                "sha256:34423abbaad70fea9d0164add189eabaea679068ebdf693baa5c02d03e7db244",
                "sha256:3507427d83fa961cbd73f11140f4a5ce84208d31756f7238d6257b2d3d868405",
                "sha256:3733545eb294e5ad274abe131d1e7e7de4ba17a144505c12feca48803fea5f64",
                "sha256:3ff5bdb08d8938d336ce4088ca1a1e4b6c8cd3bef8bb3a4c0eb2f37406e49643",
                "sha256:3ff7f92ae5a456101ca8f48387fd3c56eb96353588e686286f50633a611afc95",
                "sha256:42a9e754aa250fe61f0f99986399cec086d7e7a01dd82fd863a20af34cbce962",
                "sha256:51593a1f05c39332f623d64d910445fdec3d2ac2d96b37ce7f331882d5678ddf",
                "sha256:5b11f9c6587668e495cc7365f85c93bed34c3a81f9f08b0920b87a89acc13469",
                "sha256:69f1665165ba2fe7614e2f0c1aed71e14d83510bf67e2ee13df467d1c08bf1e8",
                "sha256:78cdcbf7b9cb83fe047ee09298e25b1cd1636824067166dc97ad0543b079d22f",
                "sha256:7df95fdd1432a5d2675ce630fef5f239939e2b3610fe2f2b5bf21fa505256fa3",
                "sha256:81a5fb41b0d24447a47543b749adc34d45a2cf77b48ca74e5bf3de60a7bd9edc",
                "sha256:840456cb1067dc350af9080298c7c2cfdddcedc1cb1e0b30dceecdaf7be1a2d3",
                "sha256:8562ca91e8c40864942615b1d0b12289d3e745e6b2da901d133f52f2d510a1e3",
                "sha256:861d75402269ffda0b33af94694b8e0703563116b04c681b1832903fac8fd647",
                "sha256:8b98c89db1b150d851a7840142d60d01d07677a18f0f46836e691c38134ed18b",
                "sha256:a178b7b1ac0f1530bb28d2e51f88c0bab3e5949835851a60dda80bff6052510c",
                "sha256:a8ddbd158e069dded57738ea69b9744525181e99974c899b39f75b2b29a624e2",
                "sha256:ac4bab32f396b03ebecfcf2971668da9275b3bb5f81b3b6ba96622f4ef3f6e17",
                "sha256:ac9e95cefcf044c98d4e2c829cd0669918585755dd9a92e28a1a7012322d0a95",
                "sha256:adbdfcda2469d188d79771d5696dc54fab98a16d2ef7e0875013b5f56a251047",
                "sha256:b3c8bbb95a699c80a167478478efe5e09ad31680931ec280bf2087905e3b95ec",
                "sha256:b3f2b1eb229f23c82898eedfc3296137cf1f16bb145ceab3edfd17cbde273fb7",
                "sha256:b4ae777bebaed89e3a7e80c4a03fac434a98a8abb5251b2a957d38fe3fd30088",
                "sha256:b953275d4edfab6cc0ed7139fa773dfb89e81fee1569a932f6020ce7c6da0e8f",
                "sha256:bf54c3e089179d9d23900e3efc86d46e4431188d9a657f345410eecdd0151f50",
                "sha256:bf711d517e21fb5bc429f5c4308fbc430a8585ff2a43e88540264ae87871e36a",
                "sha256:c00e54f0bd258ab25e7f731ca1d5144b0bf7bec0051abccd2bdcff65fa3262c9",
                "sha256:c11ca2df2206a4e3e4c4567f52594637392ed05d7c7fb73b4ea1c658ba560265",
                "sha256:c5f9683be6a5b19cd776ee4e2f2ffb411424819c69afab6b2db3a0a364ec6642",
                "sha256:cf89ab85027427d351f1de918aff4b43f4eb5f33aff6835ed30322a86ac29c9e",
                "sha256:d1b750a8409bec61caa7824bfd64a8074b6d2d420433f64c161a8335796c7c6b",
                "sha256:d779a48fac416387dd5673fc5b2d6bd903ed903faaa3247dc1865c65eaa5a93e",
                "sha256:d9a1ef0f173e1a19738f154fb3644f90d0ada56fe6c9b422f992b04266c55d5a",
                "sha256:ddb79414c15c6f03f56cc68fa06994f047cf20207c31b5dad3f6bab54a0f66ef",
                "sha256:ef00d31b7569ed3cb2036f26565f1984b9fc08541731ce01012b02a4c238bf03",
                "sha256:f40ac873045db4fd98a6f40387d242bde2708a3f8167bd967ccd43ad46394ba2",
                "sha256:f593a4a90118d99014517c2679e04a4ef5aee2d81aa05c26c734d271065efcb6",
                "sha256:f5df76c58977bc35a49515b2fbba84a1d952ff0ec784a4070334dfbec28a2def",
                "sha256:f72cdd2586f9a769570d4b5714a3837b3a59a53b096bb954f1811f6a0afad305",
                "sha256:f8e845d894e39fb53834da826078f6dc1a933b32b1478cf437007367efaf6f6a",
                "sha256:fe6e43c8b510719b48af7db9631b5fbac910ade4bd90e6378c85ac5ac706382c"
            ],
            "markers": "python_version >= '3.8'",
            "version": "==7.4.2"
        },
        "exceptiongroup": {
            "hashes": [
                "sha256:4bfd3996ac73b41e9b9628b04e079f193850720ea5945fc96a08633c66912f14",
                "sha256:91f5c769735f051a4290d52edd0858999b57e5876e9f85937691bd4c9fa3ed68"
            ],
            "index": "pypi",
            "markers": "python_version >= '3.7'",
            "version": "==1.2.0"
        },
        "iniconfig": {
            "hashes": [
                "sha256:2d91e135bf72d31a410b17c16da610a82cb55f6b0477d1a902134b24a455b8b3",
                "sha256:b6a85871a79d2e3b22d2d1b94ac2824226a63c6b741c88f7ae975f18b6778374"
            ],
            "markers": "python_version >= '3.7'",
            "version": "==2.0.0"
        },
        "mock": {
            "hashes": [
                "sha256:18c694e5ae8a208cdb3d2c20a993ca1a7b0efa258c247a1e565150f477f83744",
                "sha256:5e96aad5ccda4718e0a229ed94b2024df75cc2d55575ba5762d31f5767b8767d"
            ],
            "index": "pypi",
            "markers": "python_version >= '3.6'",
            "version": "==5.1.0"
        },
        "mypy": {
            "hashes": [
                "sha256:0235391f1c6f6ce487b23b9dbd1327b4ec33bb93934aa986efe8a9563d9349e6",
                "sha256:190da1ee69b427d7efa8aa0d5e5ccd67a4fb04038c380237a0d96829cb157913",
                "sha256:2418488264eb41f69cc64a69a745fad4a8f86649af4b1041a4c64ee61fc61129",
                "sha256:3a3c007ff3ee90f69cf0a15cbcdf0995749569b86b6d2f327af01fd1b8aee9dc",
                "sha256:3cc5da0127e6a478cddd906068496a97a7618a21ce9b54bde5bf7e539c7af974",
                "sha256:48533cdd345c3c2e5ef48ba3b0d3880b257b423e7995dada04248725c6f77374",
                "sha256:49c87c15aed320de9b438ae7b00c1ac91cd393c1b854c2ce538e2a72d55df150",
                "sha256:4d3dbd346cfec7cb98e6cbb6e0f3c23618af826316188d587d1c1bc34f0ede03",
                "sha256:571741dc4194b4f82d344b15e8837e8c5fcc462d66d076748142327626a1b6e9",
                "sha256:587ce887f75dd9700252a3abbc9c97bbe165a4a630597845c61279cf32dfbf02",
                "sha256:5d741d3fc7c4da608764073089e5f58ef6352bedc223ff58f2f038c2c4698a89",
                "sha256:5e6061f44f2313b94f920e91b204ec600982961e07a17e0f6cd83371cb23f5c2",
                "sha256:61758fabd58ce4b0720ae1e2fea5cfd4431591d6d590b197775329264f86311d",
                "sha256:653265f9a2784db65bfca694d1edd23093ce49740b2244cde583aeb134c008f3",
                "sha256:68edad3dc7d70f2f17ae4c6c1b9471a56138ca22722487eebacfd1eb5321d612",
                "sha256:81a10926e5473c5fc3da8abb04119a1f5811a236dc3a38d92015cb1e6ba4cb9e",
                "sha256:85ca5fcc24f0b4aeedc1d02f93707bccc04733f21d41c88334c5482219b1ccb3",
                "sha256:a260627a570559181a9ea5de61ac6297aa5af202f06fd7ab093ce74e7181e43e",
                "sha256:aceb1db093b04db5cd390821464504111b8ec3e351eb85afd1433490163d60cd",
                "sha256:b685154e22e4e9199fc95f298661deea28aaede5ae16ccc8cbb1045e716b3e04",
                "sha256:d357423fa57a489e8c47b7c85dfb96698caba13d66e086b412298a1a0ea3b0ed",
                "sha256:d4d5ddc13421ba3e2e082a6c2d74c2ddb3979c39b582dacd53dd5d9431237185",
                "sha256:e49499be624dead83927e70c756970a0bc8240e9f769389cdf5714b0784ca6bf",
                "sha256:e54396d70be04b34f31d2edf3362c1edd023246c82f1730bbf8768c28db5361b",
                "sha256:f88566144752999351725ac623471661c9d1cd8caa0134ff98cceeea181789f4",
                "sha256:f8a67616990062232ee4c3952f41c779afac41405806042a8126fe96e098419f",
                "sha256:fe28657de3bfec596bbeef01cb219833ad9d38dd5393fc649f4b366840baefe6"
            ],
            "index": "pypi",
            "markers": "python_version >= '3.8'",
            "version": "==1.9.0"
        },
        "mypy-extensions": {
            "hashes": [
                "sha256:4392f6c0eb8a5668a69e23d168ffa70f0be9ccfd32b5cc2d26a34ae5b844552d",
                "sha256:75dbf8955dc00442a438fc4d0666508a9a97b6bd41aa2f0ffe9d2f2725af0782"
            ],
            "markers": "python_version >= '3.5'",
            "version": "==1.0.0"
        },
        "packaging": {
            "hashes": [
                "sha256:2ddfb553fdf02fb784c234c7ba6ccc288296ceabec964ad2eae3777778130bc5",
                "sha256:eb82c5e3e56209074766e6885bb04b8c38a0c015d0a30036ebe7ece34c9989e9"
            ],
            "markers": "python_version >= '3.7'",
            "version": "==24.0"
        },
        "pathspec": {
            "hashes": [
                "sha256:a0d503e138a4c123b27490a4f7beda6a01c6f288df0e4a8b79c7eb0dc7b4cc08",
                "sha256:a482d51503a1ab33b1c67a6c3813a26953dbdc71c31dacaef9a838c4e29f5712"
            ],
            "markers": "python_version >= '3.8'",
            "version": "==0.12.1"
        },
        "platformdirs": {
            "hashes": [
                "sha256:0614df2a2f37e1a662acbd8e2b25b92ccf8632929bc6d43467e17fe89c75e068",
                "sha256:ef0cc731df711022c174543cb70a9b5bd22e5a9337c8624ef2c2ceb8ddad8768"
            ],
            "markers": "python_version >= '3.8'",
            "version": "==4.2.0"
        },
        "pluggy": {
            "hashes": [
                "sha256:7db9f7b503d67d1c5b95f59773ebb58a8c1c288129a88665838012cfb07b8981",
                "sha256:8c85c2876142a764e5b7548e7d9a0e0ddb46f5185161049a79b7e974454223be"
            ],
            "markers": "python_version >= '3.8'",
            "version": "==1.4.0"
        },
        "pytest": {
            "hashes": [
                "sha256:d4051d623a2e0b7e51960ba963193b09ce6daeb9759a451844a21e4ddedfc1bd",
                "sha256:edfaaef32ce5172d5466b5127b42e0d6d35ebbe4453f0e3505d96afd93f6b096"
            ],
            "index": "pypi",
            "markers": "python_version >= '3.8'",
            "version": "==8.0.2"
        },
        "pytest-cov": {
            "hashes": [
                "sha256:3904b13dfbfec47f003b8e77fd5b589cd11904a21ddf1ab38a64f204d6a10ef6",
                "sha256:6ba70b9e97e69fcc3fb45bfeab2d0a138fb65c4d0d6a41ef33983ad114be8c3a"
            ],
            "index": "pypi",
            "markers": "python_version >= '3.7'",
            "version": "==4.1.0"
        },
        "tomli": {
            "hashes": [
                "sha256:939de3e7a6161af0c887ef91b7d41a53e7c5a1ca976325f429cb46ea9bc30ecc",
                "sha256:de526c12914f0c550d15924c62d72abc48d6fe7364aa87328337a31007fe8a4f"
            ],
            "index": "pypi",
            "markers": "python_version < '3.11'",
            "version": "==2.0.1"
        },
        "types-appdirs": {
            "hashes": [
                "sha256:337c750e423c40911d389359b4edabe5bbc2cdd5cd0bd0518b71d2839646273b",
                "sha256:83268da64585361bfa291f8f506a209276212a0497bd37f0512a939b3d69ff14"
            ],
            "index": "pypi",
            "version": "==1.4.3.5"
        },
        "types-mock": {
            "hashes": [
                "sha256:13ca379d5710ccb3f18f69ade5b08881874cb83383d8fb49b1d4dac9d5c5d090",
                "sha256:3d116955495935b0bcba14954b38d97e507cd43eca3e3700fc1b8e4f5c6bf2c7"
            ],
            "index": "pypi",
            "markers": "python_version >= '3.8'",
            "version": "==5.1.0.20240106"
        },
        "typing-extensions": {
            "hashes": [
                "sha256:69b1a937c3a517342112fb4c6df7e72fc39a38e7891a5730ed4985b5214b5475",
                "sha256:b0abd7c89e8fb96f98db18d86106ff1d90ab692004eb746cf6eda2682f91b3cb"
            ],
            "markers": "python_version >= '3.8'",
            "version": "==4.10.0"
        }
    }
}
